<Solution>
  <Folder Name="/Tests/">
    <Project Path="SmartGenealogy.Core.Tests/SmartGenealogy.Core.Tests.csproj" />
  </Folder>
  <Project Path="SmartGenealogy.Core/SmartGenealogy.Core.csproj" />
  <Project Path="SmartGenealogy/SmartGenealogy.csproj" Id="dbbb2a1f-1d09-41e6-a5c0-2a355c328ae2">
    <Deploy Solution="Debug|*" />
  </Project>
</Solution>
