
Microsoft Visual Studio Solution File, Format Version 12.00
# Visual Studio Version 17
VisualStudioVersion = 17.12.35323.107
MinimumVisualStudioVersion = 10.0.40219.1
Project("{FAE04EC0-301F-11D3-BF4B-00C04F79EFBC}") = "SmartGenealogy", "SmartGenealogy\SmartGenealogy.csproj", "{8CFB69F6-BC37-424D-8444-FD142824928D}"
EndProject
Project("{FAE04EC0-301F-11D3-BF4B-00C04F79EFBC}") = "SmartGenealogy.Avalonia.Diagnostics", "SmartGenealogy.Avalonia.Diagnostics\SmartGenealogy.Avalonia.Diagnostics.csproj", "{29E25E93-E78D-4F4A-8A47-5C076C983516}"
EndProject
Project("{FAE04EC0-301F-11D3-BF4B-00C04F79EFBC}") = "Avalonia.Gif", "Avalonia.Gif\Avalonia.Gif.csproj", "{2FFA4484-28DB-4EAF-A021-4A19AC3FBC04}"
EndProject
Project("{FAE04EC0-301F-11D3-BF4B-00C04F79EFBC}") = "SmartGenealogy.Core", "SmartGenealogy.Core\SmartGenealogy.Core.csproj", "{6C798E00-82E4-4C7E-95D7-B5333341E2A0}"
EndProject
Project("{FAE04EC0-301F-11D3-BF4B-00C04F79EFBC}") = "SmartGenealogy.Native", "SmartGenealogy.Native\SmartGenealogy.Native.csproj", "{12C0053F-BB28-4F37-B24E-41C5F9438572}"
EndProject
Project("{FAE04EC0-301F-11D3-BF4B-00C04F79EFBC}") = "SmartGenealogy.Native.Abstractions", "SmartGenealogy.Native.Abstractions\SmartGenealogy.Native.Abstractions.csproj", "{B4FFC56B-8786-4947-973F-6D1CDD5C1C22}"
EndProject
Project("{FAE04EC0-301F-11D3-BF4B-00C04F79EFBC}") = "SmartGenealogy.Native.macOS", "SmartGenealogy.Native.macOS\SmartGenealogy.Native.macOS.csproj", "{445D8807-C997-4B68-B1F6-7BD6E2593AFD}"
EndProject
Project("{FAE04EC0-301F-11D3-BF4B-00C04F79EFBC}") = "SmartGenealogy.Native.Windows", "SmartGenealogy.Native.Windows\SmartGenealogy.Native.Windows.csproj", "{12F2EF26-0BF1-4B4A-8A2D-6CB3B9515A31}"
EndProject
Global
	GlobalSection(SolutionConfigurationPlatforms) = preSolution
		Debug|Any CPU = Debug|Any CPU
		Release|Any CPU = Release|Any CPU
	EndGlobalSection
	GlobalSection(ProjectConfigurationPlatforms) = postSolution
		{8CFB69F6-BC37-424D-8444-FD142824928D}.Debug|Any CPU.ActiveCfg = Debug|Any CPU
		{8CFB69F6-BC37-424D-8444-FD142824928D}.Debug|Any CPU.Build.0 = Debug|Any CPU
		{8CFB69F6-BC37-424D-8444-FD142824928D}.Release|Any CPU.ActiveCfg = Release|Any CPU
		{8CFB69F6-BC37-424D-8444-FD142824928D}.Release|Any CPU.Build.0 = Release|Any CPU
		{29E25E93-E78D-4F4A-8A47-5C076C983516}.Debug|Any CPU.ActiveCfg = Debug|Any CPU
		{29E25E93-E78D-4F4A-8A47-5C076C983516}.Debug|Any CPU.Build.0 = Debug|Any CPU
		{29E25E93-E78D-4F4A-8A47-5C076C983516}.Release|Any CPU.ActiveCfg = Release|Any CPU
		{29E25E93-E78D-4F4A-8A47-5C076C983516}.Release|Any CPU.Build.0 = Release|Any CPU
		{2FFA4484-28DB-4EAF-A021-4A19AC3FBC04}.Debug|Any CPU.ActiveCfg = Debug|Any CPU
		{2FFA4484-28DB-4EAF-A021-4A19AC3FBC04}.Debug|Any CPU.Build.0 = Debug|Any CPU
		{2FFA4484-28DB-4EAF-A021-4A19AC3FBC04}.Release|Any CPU.ActiveCfg = Release|Any CPU
		{2FFA4484-28DB-4EAF-A021-4A19AC3FBC04}.Release|Any CPU.Build.0 = Release|Any CPU
		{6C798E00-82E4-4C7E-95D7-B5333341E2A0}.Debug|Any CPU.ActiveCfg = Debug|Any CPU
		{6C798E00-82E4-4C7E-95D7-B5333341E2A0}.Debug|Any CPU.Build.0 = Debug|Any CPU
		{6C798E00-82E4-4C7E-95D7-B5333341E2A0}.Release|Any CPU.ActiveCfg = Release|Any CPU
		{6C798E00-82E4-4C7E-95D7-B5333341E2A0}.Release|Any CPU.Build.0 = Release|Any CPU
		{12C0053F-BB28-4F37-B24E-41C5F9438572}.Debug|Any CPU.ActiveCfg = Debug|Any CPU
		{12C0053F-BB28-4F37-B24E-41C5F9438572}.Debug|Any CPU.Build.0 = Debug|Any CPU
		{12C0053F-BB28-4F37-B24E-41C5F9438572}.Release|Any CPU.ActiveCfg = Release|Any CPU
		{12C0053F-BB28-4F37-B24E-41C5F9438572}.Release|Any CPU.Build.0 = Release|Any CPU
		{B4FFC56B-8786-4947-973F-6D1CDD5C1C22}.Debug|Any CPU.ActiveCfg = Debug|Any CPU
		{B4FFC56B-8786-4947-973F-6D1CDD5C1C22}.Debug|Any CPU.Build.0 = Debug|Any CPU
		{B4FFC56B-8786-4947-973F-6D1CDD5C1C22}.Release|Any CPU.ActiveCfg = Release|Any CPU
		{B4FFC56B-8786-4947-973F-6D1CDD5C1C22}.Release|Any CPU.Build.0 = Release|Any CPU
		{445D8807-C997-4B68-B1F6-7BD6E2593AFD}.Debug|Any CPU.ActiveCfg = Debug|Any CPU
		{445D8807-C997-4B68-B1F6-7BD6E2593AFD}.Debug|Any CPU.Build.0 = Debug|Any CPU
		{445D8807-C997-4B68-B1F6-7BD6E2593AFD}.Release|Any CPU.ActiveCfg = Release|Any CPU
		{445D8807-C997-4B68-B1F6-7BD6E2593AFD}.Release|Any CPU.Build.0 = Release|Any CPU
		{12F2EF26-0BF1-4B4A-8A2D-6CB3B9515A31}.Debug|Any CPU.ActiveCfg = Debug|Any CPU
		{12F2EF26-0BF1-4B4A-8A2D-6CB3B9515A31}.Debug|Any CPU.Build.0 = Debug|Any CPU
		{12F2EF26-0BF1-4B4A-8A2D-6CB3B9515A31}.Release|Any CPU.ActiveCfg = Release|Any CPU
		{12F2EF26-0BF1-4B4A-8A2D-6CB3B9515A31}.Release|Any CPU.Build.0 = Release|Any CPU
	EndGlobalSection
	GlobalSection(SolutionProperties) = preSolution
		HideSolutionNode = FALSE
	EndGlobalSection
	GlobalSection(ExtensibilityGlobals) = postSolution
		SolutionGuid = {283518BE-7FF6-4383-89BE-9A6F60203E05}
	EndGlobalSection
EndGlobal
