
Microsoft Visual Studio Solution File, Format Version 12.00
# Visual Studio Version 17
VisualStudioVersion = 17.13.35806.99
MinimumVisualStudioVersion = 10.0.40219.1
Project("{FAE04EC0-301F-11D3-BF4B-00C04F79EFBC}") = "SmartGenealogy", "SmartGenealogy\SmartGenealogy.csproj", "{67F7066B-1338-3D1A-4FDC-7566AB2C19F8}"
EndProject
Project("{FAE04EC0-301F-11D3-BF4B-00C04F79EFBC}") = "SmartGenealogy.Core", "SmartGenealogy.Core\SmartGenealogy.Core.csproj", "{BFF65996-3993-4DE1-8D62-67340D7AF664}"
EndProject
Global
	GlobalSection(SolutionConfigurationPlatforms) = preSolution
		Debug|Any CPU = Debug|Any CPU
		Release|Any CPU = Release|Any CPU
	EndGlobalSection
	GlobalSection(ProjectConfigurationPlatforms) = postSolution
		{67F7066B-1338-3D1A-4FDC-7566AB2C19F8}.Debug|Any CPU.ActiveCfg = Debug|Any CPU
		{67F7066B-1338-3D1A-4FDC-7566AB2C19F8}.Debug|Any CPU.Build.0 = Debug|Any CPU
		{67F7066B-1338-3D1A-4FDC-7566AB2C19F8}.Release|Any CPU.ActiveCfg = Release|Any CPU
		{67F7066B-1338-3D1A-4FDC-7566AB2C19F8}.Release|Any CPU.Build.0 = Release|Any CPU
		{BFF65996-3993-4DE1-8D62-67340D7AF664}.Debug|Any CPU.ActiveCfg = Debug|Any CPU
		{BFF65996-3993-4DE1-8D62-67340D7AF664}.Debug|Any CPU.Build.0 = Debug|Any CPU
		{BFF65996-3993-4DE1-8D62-67340D7AF664}.Release|Any CPU.ActiveCfg = Release|Any CPU
		{BFF65996-3993-4DE1-8D62-67340D7AF664}.Release|Any CPU.Build.0 = Release|Any CPU
	EndGlobalSection
	GlobalSection(SolutionProperties) = preSolution
		HideSolutionNode = FALSE
	EndGlobalSection
	GlobalSection(ExtensibilityGlobals) = postSolution
		SolutionGuid = {B50146D4-6340-47F7-BCAF-4220BB5D16C1}
	EndGlobalSection
EndGlobal
